// !$*UTF8*$!
{
	archiveVersion = 1;
	classes = {
	};
	objectVersion = 50;
	objects = {

/* Begin PBXBuildFile section */
		E716CA1A22E02054007054AA /* AppDelegate.swift in Sources */ = {isa = PBXBuildFile; fileRef = E716CA1922E02054007054AA /* AppDelegate.swift */; };
		E716CA1C22E02054007054AA /* ViewController.swift in Sources */ = {isa = PBXBuildFile; fileRef = E716CA1B22E02054007054AA /* ViewController.swift */; };
		E716CA1F22E02054007054AA /* Main.storyboard in Resources */ = {isa = PBXBuildFile; fileRef = E716CA1D22E02054007054AA /* Main.storyboard */; };
		E716CA2122E02056007054AA /* Assets.xcassets in Resources */ = {isa = PBXBuildFile; fileRef = E716CA2022E02056007054AA /* Assets.xcassets */; };
		E716CA2422E02056007054AA /* LaunchScreen.storyboard in Resources */ = {isa = PBXBuildFile; fileRef = E716CA2222E02056007054AA /* LaunchScreen.storyboard */; };
		E716CA3222E02091007054AA /* AppDelegate.swift in Sources */ = {isa = PBXBuildFile; fileRef = E716CA3122E02091007054AA /* AppDelegate.swift */; };
		E716CA3422E02091007054AA /* ViewController.swift in Sources */ = {isa = PBXBuildFile; fileRef = E716CA3322E02091007054AA /* ViewController.swift */; };
		E716CA3722E02091007054AA /* Main.storyboard in Resources */ = {isa = PBXBuildFile; fileRef = E716CA3522E02091007054AA /* Main.storyboard */; };
		E716CA3922E02092007054AA /* Assets.xcassets in Resources */ = {isa = PBXBuildFile; fileRef = E716CA3822E02092007054AA /* Assets.xcassets */; };
		E716CA3C22E02092007054AA /* LaunchScreen.storyboard in Resources */ = {isa = PBXBuildFile; fileRef = E716CA3A22E02092007054AA /* LaunchScreen.storyboard */; };
		E74262B922E03FFE00BFBF0C /* AppDelegate.swift in Sources */ = {isa = PBXBuildFile; fileRef = E74262B822E03FFE00BFBF0C /* AppDelegate.swift */; };
		E74262BB22E03FFE00BFBF0C /* ViewController.swift in Sources */ = {isa = PBXBuildFile; fileRef = E74262BA22E03FFE00BFBF0C /* ViewController.swift */; };
		E74262BE22E03FFE00BFBF0C /* Main.storyboard in Resources */ = {isa = PBXBuildFile; fileRef = E74262BC22E03FFE00BFBF0C /* Main.storyboard */; };
		E74262C022E0400000BFBF0C /* Assets.xcassets in Resources */ = {isa = PBXBuildFile; fileRef = E74262BF22E0400000BFBF0C /* Assets.xcassets */; };
		E74262C322E0400000BFBF0C /* LaunchScreen.storyboard in Resources */ = {isa = PBXBuildFile; fileRef = E74262C122E0400000BFBF0C /* LaunchScreen.storyboard */; };
		E76D06C222E1A8DE007CD72C /* AppDelegate.swift in Sources */ = {isa = PBXBuildFile; fileRef = E76D06C122E1A8DE007CD72C /* AppDelegate.swift */; };
		E76D06C422E1A8DE007CD72C /* ViewController.swift in Sources */ = {isa = PBXBuildFile; fileRef = E76D06C322E1A8DE007CD72C /* ViewController.swift */; };
		E76D06C722E1A8DE007CD72C /* Main.storyboard in Resources */ = {isa = PBXBuildFile; fileRef = E76D06C522E1A8DE007CD72C /* Main.storyboard */; };
		E76D06C922E1A8DF007CD72C /* Assets.xcassets in Resources */ = {isa = PBXBuildFile; fileRef = E76D06C822E1A8DF007CD72C /* Assets.xcassets */; };
		E76D06CC22E1A8DF007CD72C /* LaunchScreen.storyboard in Resources */ = {isa = PBXBuildFile; fileRef = E76D06CA22E1A8DF007CD72C /* LaunchScreen.storyboard */; };
		E77CB8C422E92EC0009FF77B /* AppDelegate.swift in Sources */ = {isa = PBXBuildFile; fileRef = E77CB8C322E92EC0009FF77B /* AppDelegate.swift */; };
		E77CB8C622E92EC0009FF77B /* ViewController.swift in Sources */ = {isa = PBXBuildFile; fileRef = E77CB8C522E92EC0009FF77B /* ViewController.swift */; };
		E77CB8C922E92EC0009FF77B /* Main.storyboard in Resources */ = {isa = PBXBuildFile; fileRef = E77CB8C722E92EC0009FF77B /* Main.storyboard */; };
		E77CB8CB22E92EC2009FF77B /* Assets.xcassets in Resources */ = {isa = PBXBuildFile; fileRef = E77CB8CA22E92EC2009FF77B /* Assets.xcassets */; };
		E77CB8CE22E92EC2009FF77B /* LaunchScreen.storyboard in Resources */ = {isa = PBXBuildFile; fileRef = E77CB8CC22E92EC2009FF77B /* LaunchScreen.storyboard */; };
		E77CB8DA22E937D0009FF77B /* AppDelegate.swift in Sources */ = {isa = PBXBuildFile; fileRef = E77CB8D922E937D0009FF77B /* AppDelegate.swift */; };
		E77CB8DC22E937D0009FF77B /* ViewController.swift in Sources */ = {isa = PBXBuildFile; fileRef = E77CB8DB22E937D0009FF77B /* ViewController.swift */; };
		E77CB8DF22E937D0009FF77B /* Main.storyboard in Resources */ = {isa = PBXBuildFile; fileRef = E77CB8DD22E937D0009FF77B /* Main.storyboard */; };
		E77CB8E122E937D1009FF77B /* Assets.xcassets in Resources */ = {isa = PBXBuildFile; fileRef = E77CB8E022E937D1009FF77B /* Assets.xcassets */; };
		E77CB8E422E937D1009FF77B /* LaunchScreen.storyboard in Resources */ = {isa = PBXBuildFile; fileRef = E77CB8E222E937D1009FF77B /* LaunchScreen.storyboard */; };
/* End PBXBuildFile section */

/* Begin PBXFileReference section */
		E716CA1622E02054007054AA /* iosPractice.app */ = {isa = PBXFileReference; explicitFileType = wrapper.application; includeInIndex = 0; path = iosPractice.app; sourceTree = BUILT_PRODUCTS_DIR; };
		E716CA1922E02054007054AA /* AppDelegate.swift */ = {isa = PBXFileReference; lastKnownFileType = sourcecode.swift; path = AppDelegate.swift; sourceTree = "<group>"; };
		E716CA1B22E02054007054AA /* ViewController.swift */ = {isa = PBXFileReference; lastKnownFileType = sourcecode.swift; path = ViewController.swift; sourceTree = "<group>"; };
		E716CA1E22E02054007054AA /* Base */ = {isa = PBXFileReference; lastKnownFileType = file.storyboard; name = Base; path = Base.lproj/Main.storyboard; sourceTree = "<group>"; };
		E716CA2022E02056007054AA /* Assets.xcassets */ = {isa = PBXFileReference; lastKnownFileType = folder.assetcatalog; path = Assets.xcassets; sourceTree = "<group>"; };
		E716CA2322E02056007054AA /* Base */ = {isa = PBXFileReference; lastKnownFileType = file.storyboard; name = Base; path = Base.lproj/LaunchScreen.storyboard; sourceTree = "<group>"; };
		E716CA2522E02056007054AA /* Info.plist */ = {isa = PBXFileReference; lastKnownFileType = text.plist.xml; path = Info.plist; sourceTree = "<group>"; };
		E716CA2F22E02091007054AA /* touchevent.app */ = {isa = PBXFileReference; explicitFileType = wrapper.application; includeInIndex = 0; path = touchevent.app; sourceTree = BUILT_PRODUCTS_DIR; };
		E716CA3122E02091007054AA /* AppDelegate.swift */ = {isa = PBXFileReference; lastKnownFileType = sourcecode.swift; path = AppDelegate.swift; sourceTree = "<group>"; };
		E716CA3322E02091007054AA /* ViewController.swift */ = {isa = PBXFileReference; lastKnownFileType = sourcecode.swift; path = ViewController.swift; sourceTree = "<group>"; };
		E716CA3622E02091007054AA /* Base */ = {isa = PBXFileReference; lastKnownFileType = file.storyboard; name = Base; path = Base.lproj/Main.storyboard; sourceTree = "<group>"; };
		E716CA3822E02092007054AA /* Assets.xcassets */ = {isa = PBXFileReference; lastKnownFileType = folder.assetcatalog; path = Assets.xcassets; sourceTree = "<group>"; };
		E716CA3B22E02092007054AA /* Base */ = {isa = PBXFileReference; lastKnownFileType = file.storyboard; name = Base; path = Base.lproj/LaunchScreen.storyboard; sourceTree = "<group>"; };
		E716CA3D22E02092007054AA /* Info.plist */ = {isa = PBXFileReference; lastKnownFileType = text.plist.xml; path = Info.plist; sourceTree = "<group>"; };
		E74262B622E03FFE00BFBF0C /* gestureTest.app */ = {isa = PBXFileReference; explicitFileType = wrapper.application; includeInIndex = 0; path = gestureTest.app; sourceTree = BUILT_PRODUCTS_DIR; };
		E74262B822E03FFE00BFBF0C /* AppDelegate.swift */ = {isa = PBXFileReference; lastKnownFileType = sourcecode.swift; path = AppDelegate.swift; sourceTree = "<group>"; };
		E74262BA22E03FFE00BFBF0C /* ViewController.swift */ = {isa = PBXFileReference; lastKnownFileType = sourcecode.swift; path = ViewController.swift; sourceTree = "<group>"; };
		E74262BD22E03FFE00BFBF0C /* Base */ = {isa = PBXFileReference; lastKnownFileType = file.storyboard; name = Base; path = Base.lproj/Main.storyboard; sourceTree = "<group>"; };
		E74262BF22E0400000BFBF0C /* Assets.xcassets */ = {isa = PBXFileReference; lastKnownFileType = folder.assetcatalog; path = Assets.xcassets; sourceTree = "<group>"; };
		E74262C222E0400000BFBF0C /* Base */ = {isa = PBXFileReference; lastKnownFileType = file.storyboard; name = Base; path = Base.lproj/LaunchScreen.storyboard; sourceTree = "<group>"; };
		E74262C422E0400000BFBF0C /* Info.plist */ = {isa = PBXFileReference; lastKnownFileType = text.plist.xml; path = Info.plist; sourceTree = "<group>"; };
		E76D06BF22E1A8DE007CD72C /* scrollviewTest.app */ = {isa = PBXFileReference; explicitFileType = wrapper.application; includeInIndex = 0; path = scrollviewTest.app; sourceTree = BUILT_PRODUCTS_DIR; };
		E76D06C122E1A8DE007CD72C /* AppDelegate.swift */ = {isa = PBXFileReference; lastKnownFileType = sourcecode.swift; path = AppDelegate.swift; sourceTree = "<group>"; };
		E76D06C322E1A8DE007CD72C /* ViewController.swift */ = {isa = PBXFileReference; lastKnownFileType = sourcecode.swift; path = ViewController.swift; sourceTree = "<group>"; };
		E76D06C622E1A8DE007CD72C /* Base */ = {isa = PBXFileReference; lastKnownFileType = file.storyboard; name = Base; path = Base.lproj/Main.storyboard; sourceTree = "<group>"; };
		E76D06C822E1A8DF007CD72C /* Assets.xcassets */ = {isa = PBXFileReference; lastKnownFileType = folder.assetcatalog; path = Assets.xcassets; sourceTree = "<group>"; };
		E76D06CB22E1A8DF007CD72C /* Base */ = {isa = PBXFileReference; lastKnownFileType = file.storyboard; name = Base; path = Base.lproj/LaunchScreen.storyboard; sourceTree = "<group>"; };
		E76D06CD22E1A8DF007CD72C /* Info.plist */ = {isa = PBXFileReference; lastKnownFileType = text.plist.xml; path = Info.plist; sourceTree = "<group>"; };
		E77CB8C122E92EC0009FF77B /* switchController.app */ = {isa = PBXFileReference; explicitFileType = wrapper.application; includeInIndex = 0; path = switchController.app; sourceTree = BUILT_PRODUCTS_DIR; };
		E77CB8C322E92EC0009FF77B /* AppDelegate.swift */ = {isa = PBXFileReference; lastKnownFileType = sourcecode.swift; path = AppDelegate.swift; sourceTree = "<group>"; };
		E77CB8C522E92EC0009FF77B /* ViewController.swift */ = {isa = PBXFileReference; lastKnownFileType = sourcecode.swift; path = ViewController.swift; sourceTree = "<group>"; };
		E77CB8C822E92EC0009FF77B /* Base */ = {isa = PBXFileReference; lastKnownFileType = file.storyboard; name = Base; path = Base.lproj/Main.storyboard; sourceTree = "<group>"; };
		E77CB8CA22E92EC2009FF77B /* Assets.xcassets */ = {isa = PBXFileReference; lastKnownFileType = folder.assetcatalog; path = Assets.xcassets; sourceTree = "<group>"; };
		E77CB8CD22E92EC2009FF77B /* Base */ = {isa = PBXFileReference; lastKnownFileType = file.storyboard; name = Base; path = Base.lproj/LaunchScreen.storyboard; sourceTree = "<group>"; };
		E77CB8CF22E92EC2009FF77B /* Info.plist */ = {isa = PBXFileReference; lastKnownFileType = text.plist.xml; path = Info.plist; sourceTree = "<group>"; };
		E77CB8D722E937D0009FF77B /* jsonParsing.app */ = {isa = PBXFileReference; explicitFileType = wrapper.application; includeInIndex = 0; path = jsonParsing.app; sourceTree = BUILT_PRODUCTS_DIR; };
		E77CB8D922E937D0009FF77B /* AppDelegate.swift */ = {isa = PBXFileReference; lastKnownFileType = sourcecode.swift; path = AppDelegate.swift; sourceTree = "<group>"; };
		E77CB8DB22E937D0009FF77B /* ViewController.swift */ = {isa = PBXFileReference; lastKnownFileType = sourcecode.swift; path = ViewController.swift; sourceTree = "<group>"; };
		E77CB8DE22E937D0009FF77B /* Base */ = {isa = PBXFileReference; lastKnownFileType = file.storyboard; name = Base; path = Base.lproj/Main.storyboard; sourceTree = "<group>"; };
		E77CB8E022E937D1009FF77B /* Assets.xcassets */ = {isa = PBXFileReference; lastKnownFileType = folder.assetcatalog; path = Assets.xcassets; sourceTree = "<group>"; };
		E77CB8E322E937D1009FF77B /* Base */ = {isa = PBXFileReference; lastKnownFileType = file.storyboard; name = Base; path = Base.lproj/LaunchScreen.storyboard; sourceTree = "<group>"; };
		E77CB8E522E937D1009FF77B /* Info.plist */ = {isa = PBXFileReference; lastKnownFileType = text.plist.xml; path = Info.plist; sourceTree = "<group>"; };
/* End PBXFileReference section */

/* Begin PBXFrameworksBuildPhase section */
		E716CA1322E02054007054AA /* Frameworks */ = {
			isa = PBXFrameworksBuildPhase;
			buildActionMask = 2147483647;
			files = (
			);
			runOnlyForDeploymentPostprocessing = 0;
		};
		E716CA2C22E02091007054AA /* Frameworks */ = {
			isa = PBXFrameworksBuildPhase;
			buildActionMask = 2147483647;
			files = (
			);
			runOnlyForDeploymentPostprocessing = 0;
		};
		E74262B322E03FFE00BFBF0C /* Frameworks */ = {
			isa = PBXFrameworksBuildPhase;
			buildActionMask = 2147483647;
			files = (
			);
			runOnlyForDeploymentPostprocessing = 0;
		};
		E76D06BC22E1A8DE007CD72C /* Frameworks */ = {
			isa = PBXFrameworksBuildPhase;
			buildActionMask = 2147483647;
			files = (
			);
			runOnlyForDeploymentPostprocessing = 0;
		};
		E77CB8BE22E92EC0009FF77B /* Frameworks */ = {
			isa = PBXFrameworksBuildPhase;
			buildActionMask = 2147483647;
			files = (
			);
			runOnlyForDeploymentPostprocessing = 0;
		};
		E77CB8D422E937D0009FF77B /* Frameworks */ = {
			isa = PBXFrameworksBuildPhase;
			buildActionMask = 2147483647;
			files = (
			);
			runOnlyForDeploymentPostprocessing = 0;
		};
/* End PBXFrameworksBuildPhase section */

/* Begin PBXGroup section */
		E716CA0D22E02054007054AA = {
			isa = PBXGroup;
			children = (
				E716CA1822E02054007054AA /* iosPractice */,
				E716CA3022E02091007054AA /* touchevent */,
				E74262B722E03FFE00BFBF0C /* gestureTest */,
				E76D06C022E1A8DE007CD72C /* scrollviewTest */,
				E77CB8C222E92EC0009FF77B /* switchController */,
				E77CB8D822E937D0009FF77B /* jsonParsing */,
				E716CA1722E02054007054AA /* Products */,
			);
			sourceTree = "<group>";
		};
		E716CA1722E02054007054AA /* Products */ = {
			isa = PBXGroup;
			children = (
				E716CA1622E02054007054AA /* iosPractice.app */,
				E716CA2F22E02091007054AA /* touchevent.app */,
				E74262B622E03FFE00BFBF0C /* gestureTest.app */,
				E76D06BF22E1A8DE007CD72C /* scrollviewTest.app */,
				E77CB8C122E92EC0009FF77B /* switchController.app */,
				E77CB8D722E937D0009FF77B /* jsonParsing.app */,
			);
			name = Products;
			sourceTree = "<group>";
		};
		E716CA1822E02054007054AA /* iosPractice */ = {
			isa = PBXGroup;
			children = (
				E716CA1922E02054007054AA /* AppDelegate.swift */,
				E716CA1B22E02054007054AA /* ViewController.swift */,
				E716CA1D22E02054007054AA /* Main.storyboard */,
				E716CA2022E02056007054AA /* Assets.xcassets */,
				E716CA2222E02056007054AA /* LaunchScreen.storyboard */,
				E716CA2522E02056007054AA /* Info.plist */,
			);
			path = iosPractice;
			sourceTree = "<group>";
		};
		E716CA3022E02091007054AA /* touchevent */ = {
			isa = PBXGroup;
			children = (
				E716CA3122E02091007054AA /* AppDelegate.swift */,
				E716CA3322E02091007054AA /* ViewController.swift */,
				E716CA3522E02091007054AA /* Main.storyboard */,
				E716CA3822E02092007054AA /* Assets.xcassets */,
				E716CA3A22E02092007054AA /* LaunchScreen.storyboard */,
				E716CA3D22E02092007054AA /* Info.plist */,
			);
			path = touchevent;
			sourceTree = "<group>";
		};
		E74262B722E03FFE00BFBF0C /* gestureTest */ = {
			isa = PBXGroup;
			children = (
				E74262B822E03FFE00BFBF0C /* AppDelegate.swift */,
				E74262BA22E03FFE00BFBF0C /* ViewController.swift */,
				E74262BC22E03FFE00BFBF0C /* Main.storyboard */,
				E74262BF22E0400000BFBF0C /* Assets.xcassets */,
				E74262C122E0400000BFBF0C /* LaunchScreen.storyboard */,
				E74262C422E0400000BFBF0C /* Info.plist */,
			);
			path = gestureTest;
			sourceTree = "<group>";
		};
		E76D06C022E1A8DE007CD72C /* scrollviewTest */ = {
			isa = PBXGroup;
			children = (
				E76D06C122E1A8DE007CD72C /* AppDelegate.swift */,
				E76D06C322E1A8DE007CD72C /* ViewController.swift */,
				E76D06C522E1A8DE007CD72C /* Main.storyboard */,
				E76D06C822E1A8DF007CD72C /* Assets.xcassets */,
				E76D06CA22E1A8DF007CD72C /* LaunchScreen.storyboard */,
				E76D06CD22E1A8DF007CD72C /* Info.plist */,
			);
			path = scrollviewTest;
			sourceTree = "<group>";
		};
		E77CB8C222E92EC0009FF77B /* switchController */ = {
			isa = PBXGroup;
			children = (
				E77CB8C322E92EC0009FF77B /* AppDelegate.swift */,
				E77CB8C522E92EC0009FF77B /* ViewController.swift */,
				E77CB8C722E92EC0009FF77B /* Main.storyboard */,
				E77CB8CA22E92EC2009FF77B /* Assets.xcassets */,
				E77CB8CC22E92EC2009FF77B /* LaunchScreen.storyboard */,
				E77CB8CF22E92EC2009FF77B /* Info.plist */,
			);
			path = switchController;
			sourceTree = "<group>";
		};
		E77CB8D822E937D0009FF77B /* jsonParsing */ = {
			isa = PBXGroup;
			children = (
				E77CB8D922E937D0009FF77B /* AppDelegate.swift */,
				E77CB8DB22E937D0009FF77B /* ViewController.swift */,
				E77CB8DD22E937D0009FF77B /* Main.storyboard */,
				E77CB8E022E937D1009FF77B /* Assets.xcassets */,
				E77CB8E222E937D1009FF77B /* LaunchScreen.storyboard */,
				E77CB8E522E937D1009FF77B /* Info.plist */,
			);
			path = jsonParsing;
			sourceTree = "<group>";
		};
/* End PBXGroup section */

/* Begin PBXNativeTarget section */
		E716CA1522E02054007054AA /* iosPractice */ = {
			isa = PBXNativeTarget;
			buildConfigurationList = E716CA2822E02056007054AA /* Build configuration list for PBXNativeTarget "iosPractice" */;
			buildPhases = (
				E716CA1222E02054007054AA /* Sources */,
				E716CA1322E02054007054AA /* Frameworks */,
				E716CA1422E02054007054AA /* Resources */,
			);
			buildRules = (
			);
			dependencies = (
			);
			name = iosPractice;
			productName = iosPractice;
			productReference = E716CA1622E02054007054AA /* iosPractice.app */;
			productType = "com.apple.product-type.application";
		};
		E716CA2E22E02091007054AA /* touchevent */ = {
			isa = PBXNativeTarget;
			buildConfigurationList = E716CA3E22E02092007054AA /* Build configuration list for PBXNativeTarget "touchevent" */;
			buildPhases = (
				E716CA2B22E02091007054AA /* Sources */,
				E716CA2C22E02091007054AA /* Frameworks */,
				E716CA2D22E02091007054AA /* Resources */,
			);
			buildRules = (
			);
			dependencies = (
			);
			name = touchevent;
			productName = touchevent;
			productReference = E716CA2F22E02091007054AA /* touchevent.app */;
			productType = "com.apple.product-type.application";
		};
		E74262B522E03FFE00BFBF0C /* gestureTest */ = {
			isa = PBXNativeTarget;
			buildConfigurationList = E74262C722E0400000BFBF0C /* Build configuration list for PBXNativeTarget "gestureTest" */;
			buildPhases = (
				E74262B222E03FFE00BFBF0C /* Sources */,
				E74262B322E03FFE00BFBF0C /* Frameworks */,
				E74262B422E03FFE00BFBF0C /* Resources */,
			);
			buildRules = (
			);
			dependencies = (
			);
			name = gestureTest;
			productName = gestureTest;
			productReference = E74262B622E03FFE00BFBF0C /* gestureTest.app */;
			productType = "com.apple.product-type.application";
		};
		E76D06BE22E1A8DE007CD72C /* scrollviewTest */ = {
			isa = PBXNativeTarget;
			buildConfigurationList = E76D06D022E1A8DF007CD72C /* Build configuration list for PBXNativeTarget "scrollviewTest" */;
			buildPhases = (
				E76D06BB22E1A8DE007CD72C /* Sources */,
				E76D06BC22E1A8DE007CD72C /* Frameworks */,
				E76D06BD22E1A8DE007CD72C /* Resources */,
			);
			buildRules = (
			);
			dependencies = (
			);
			name = scrollviewTest;
			productName = scrollviewTest;
			productReference = E76D06BF22E1A8DE007CD72C /* scrollviewTest.app */;
			productType = "com.apple.product-type.application";
		};
		E77CB8C022E92EC0009FF77B /* switchController */ = {
			isa = PBXNativeTarget;
			buildConfigurationList = E77CB8D222E92EC2009FF77B /* Build configuration list for PBXNativeTarget "switchController" */;
			buildPhases = (
				E77CB8BD22E92EC0009FF77B /* Sources */,
				E77CB8BE22E92EC0009FF77B /* Frameworks */,
				E77CB8BF22E92EC0009FF77B /* Resources */,
			);
			buildRules = (
			);
			dependencies = (
			);
			name = switchController;
			productName = switchController;
			productReference = E77CB8C122E92EC0009FF77B /* switchController.app */;
			productType = "com.apple.product-type.application";
		};
		E77CB8D622E937D0009FF77B /* jsonParsing */ = {
			isa = PBXNativeTarget;
			buildConfigurationList = E77CB8E622E937D1009FF77B /* Build configuration list for PBXNativeTarget "jsonParsing" */;
			buildPhases = (
				E77CB8D322E937D0009FF77B /* Sources */,
				E77CB8D422E937D0009FF77B /* Frameworks */,
				E77CB8D522E937D0009FF77B /* Resources */,
			);
			buildRules = (
			);
			dependencies = (
			);
			name = jsonParsing;
			productName = jsonParsing;
			productReference = E77CB8D722E937D0009FF77B /* jsonParsing.app */;
			productType = "com.apple.product-type.application";
		};
/* End PBXNativeTarget section */

/* Begin PBXProject section */
		E716CA0E22E02054007054AA /* Project object */ = {
			isa = PBXProject;
			attributes = {
				LastSwiftUpdateCheck = 1030;
				LastUpgradeCheck = 1020;
				ORGANIZATIONNAME = "Dong Wook Jung";
				TargetAttributes = {
					E716CA1522E02054007054AA = {
						CreatedOnToolsVersion = 10.2.1;
					};
					E716CA2E22E02091007054AA = {
						CreatedOnToolsVersion = 10.2.1;
					};
					E74262B522E03FFE00BFBF0C = {
						CreatedOnToolsVersion = 10.2.1;
					};
					E76D06BE22E1A8DE007CD72C = {
						CreatedOnToolsVersion = 10.2.1;
					};
					E77CB8C022E92EC0009FF77B = {
						CreatedOnToolsVersion = 10.3;
					};
					E77CB8D622E937D0009FF77B = {
						CreatedOnToolsVersion = 10.3;
					};
				};
			};
			buildConfigurationList = E716CA1122E02054007054AA /* Build configuration list for PBXProject "iosPractice" */;
			compatibilityVersion = "Xcode 9.3";
			developmentRegion = en;
			hasScannedForEncodings = 0;
			knownRegions = (
				en,
				Base,
			);
			mainGroup = E716CA0D22E02054007054AA;
			productRefGroup = E716CA1722E02054007054AA /* Products */;
			projectDirPath = "";
			projectRoot = "";
			targets = (
				E716CA1522E02054007054AA /* iosPractice */,
				E716CA2E22E02091007054AA /* touchevent */,
				E74262B522E03FFE00BFBF0C /* gestureTest */,
				E76D06BE22E1A8DE007CD72C /* scrollviewTest */,
				E77CB8C022E92EC0009FF77B /* switchController */,
				E77CB8D622E937D0009FF77B /* jsonParsing */,
			);
		};
/* End PBXProject section */

/* Begin PBXResourcesBuildPhase section */
		E716CA1422E02054007054AA /* Resources */ = {
			isa = PBXResourcesBuildPhase;
			buildActionMask = 2147483647;
			files = (
				E716CA2422E02056007054AA /* LaunchScreen.storyboard in Resources */,
				E716CA2122E02056007054AA /* Assets.xcassets in Resources */,
				E716CA1F22E02054007054AA /* Main.storyboard in Resources */,
			);
			runOnlyForDeploymentPostprocessing = 0;
		};
		E716CA2D22E02091007054AA /* Resources */ = {
			isa = PBXResourcesBuildPhase;
			buildActionMask = 2147483647;
			files = (
				E716CA3C22E02092007054AA /* LaunchScreen.storyboard in Resources */,
				E716CA3922E02092007054AA /* Assets.xcassets in Resources */,
				E716CA3722E02091007054AA /* Main.storyboard in Resources */,
			);
			runOnlyForDeploymentPostprocessing = 0;
		};
		E74262B422E03FFE00BFBF0C /* Resources */ = {
			isa = PBXResourcesBuildPhase;
			buildActionMask = 2147483647;
			files = (
				E74262C322E0400000BFBF0C /* LaunchScreen.storyboard in Resources */,
				E74262C022E0400000BFBF0C /* Assets.xcassets in Resources */,
				E74262BE22E03FFE00BFBF0C /* Main.storyboard in Resources */,
			);
			runOnlyForDeploymentPostprocessing = 0;
		};
		E76D06BD22E1A8DE007CD72C /* Resources */ = {
			isa = PBXResourcesBuildPhase;
			buildActionMask = 2147483647;
			files = (
				E76D06CC22E1A8DF007CD72C /* LaunchScreen.storyboard in Resources */,
				E76D06C922E1A8DF007CD72C /* Assets.xcassets in Resources */,
				E76D06C722E1A8DE007CD72C /* Main.storyboard in Resources */,
			);
			runOnlyForDeploymentPostprocessing = 0;
		};
		E77CB8BF22E92EC0009FF77B /* Resources */ = {
			isa = PBXResourcesBuildPhase;
			buildActionMask = 2147483647;
			files = (
				E77CB8CE22E92EC2009FF77B /* LaunchScreen.storyboard in Resources */,
				E77CB8CB22E92EC2009FF77B /* Assets.xcassets in Resources */,
				E77CB8C922E92EC0009FF77B /* Main.storyboard in Resources */,
			);
			runOnlyForDeploymentPostprocessing = 0;
		};
		E77CB8D522E937D0009FF77B /* Resources */ = {
			isa = PBXResourcesBuildPhase;
			buildActionMask = 2147483647;
			files = (
				E77CB8E422E937D1009FF77B /* LaunchScreen.storyboard in Resources */,
				E77CB8E122E937D1009FF77B /* Assets.xcassets in Resources */,
				E77CB8DF22E937D0009FF77B /* Main.storyboard in Resources */,
			);
			runOnlyForDeploymentPostprocessing = 0;
		};
/* End PBXResourcesBuildPhase section */

/* Begin PBXSourcesBuildPhase section */
		E716CA1222E02054007054AA /* Sources */ = {
			isa = PBXSourcesBuildPhase;
			buildActionMask = 2147483647;
			files = (
				E716CA1C22E02054007054AA /* ViewController.swift in Sources */,
				E716CA1A22E02054007054AA /* AppDelegate.swift in Sources */,
			);
			runOnlyForDeploymentPostprocessing = 0;
		};
		E716CA2B22E02091007054AA /* Sources */ = {
			isa = PBXSourcesBuildPhase;
			buildActionMask = 2147483647;
			files = (
				E716CA3422E02091007054AA /* ViewController.swift in Sources */,
				E716CA3222E02091007054AA /* AppDelegate.swift in Sources */,
			);
			runOnlyForDeploymentPostprocessing = 0;
		};
		E74262B222E03FFE00BFBF0C /* Sources */ = {
			isa = PBXSourcesBuildPhase;
			buildActionMask = 2147483647;
			files = (
				E74262BB22E03FFE00BFBF0C /* ViewController.swift in Sources */,
				E74262B922E03FFE00BFBF0C /* AppDelegate.swift in Sources */,
			);
			runOnlyForDeploymentPostprocessing = 0;
		};
		E76D06BB22E1A8DE007CD72C /* Sources */ = {
			isa = PBXSourcesBuildPhase;
			buildActionMask = 2147483647;
			files = (
				E76D06C422E1A8DE007CD72C /* ViewController.swift in Sources */,
				E76D06C222E1A8DE007CD72C /* AppDelegate.swift in Sources */,
			);
			runOnlyForDeploymentPostprocessing = 0;
		};
		E77CB8BD22E92EC0009FF77B /* Sources */ = {
			isa = PBXSourcesBuildPhase;
			buildActionMask = 2147483647;
			files = (
				E77CB8C622E92EC0009FF77B /* ViewController.swift in Sources */,
				E77CB8C422E92EC0009FF77B /* AppDelegate.swift in Sources */,
			);
			runOnlyForDeploymentPostprocessing = 0;
		};
		E77CB8D322E937D0009FF77B /* Sources */ = {
			isa = PBXSourcesBuildPhase;
			buildActionMask = 2147483647;
			files = (
				E77CB8DC22E937D0009FF77B /* ViewController.swift in Sources */,
				E77CB8DA22E937D0009FF77B /* AppDelegate.swift in Sources */,
			);
			runOnlyForDeploymentPostprocessing = 0;
		};
/* End PBXSourcesBuildPhase section */

/* Begin PBXVariantGroup section */
		E716CA1D22E02054007054AA /* Main.storyboard */ = {
			isa = PBXVariantGroup;
			children = (
				E716CA1E22E02054007054AA /* Base */,
			);
			name = Main.storyboard;
			sourceTree = "<group>";
		};
		E716CA2222E02056007054AA /* LaunchScreen.storyboard */ = {
			isa = PBXVariantGroup;
			children = (
				E716CA2322E02056007054AA /* Base */,
			);
			name = LaunchScreen.storyboard;
			sourceTree = "<group>";
		};
		E716CA3522E02091007054AA /* Main.storyboard */ = {
			isa = PBXVariantGroup;
			children = (
				E716CA3622E02091007054AA /* Base */,
			);
			name = Main.storyboard;
			sourceTree = "<group>";
		};
		E716CA3A22E02092007054AA /* LaunchScreen.storyboard */ = {
			isa = PBXVariantGroup;
			children = (
				E716CA3B22E02092007054AA /* Base */,
			);
			name = LaunchScreen.storyboard;
			sourceTree = "<group>";
		};
		E74262BC22E03FFE00BFBF0C /* Main.storyboard */ = {
			isa = PBXVariantGroup;
			children = (
				E74262BD22E03FFE00BFBF0C /* Base */,
			);
			name = Main.storyboard;
			sourceTree = "<group>";
		};
		E74262C122E0400000BFBF0C /* LaunchScreen.storyboard */ = {
			isa = PBXVariantGroup;
			children = (
				E74262C222E0400000BFBF0C /* Base */,
			);
			name = LaunchScreen.storyboard;
			sourceTree = "<group>";
		};
		E76D06C522E1A8DE007CD72C /* Main.storyboard */ = {
			isa = PBXVariantGroup;
			children = (
				E76D06C622E1A8DE007CD72C /* Base */,
			);
			name = Main.storyboard;
			sourceTree = "<group>";
		};
		E76D06CA22E1A8DF007CD72C /* LaunchScreen.storyboard */ = {
			isa = PBXVariantGroup;
			children = (
				E76D06CB22E1A8DF007CD72C /* Base */,
			);
			name = LaunchScreen.storyboard;
			sourceTree = "<group>";
		};
		E77CB8C722E92EC0009FF77B /* Main.storyboard */ = {
			isa = PBXVariantGroup;
			children = (
				E77CB8C822E92EC0009FF77B /* Base */,
			);
			name = Main.storyboard;
			sourceTree = "<group>";
		};
		E77CB8CC22E92EC2009FF77B /* LaunchScreen.storyboard */ = {
			isa = PBXVariantGroup;
			children = (
				E77CB8CD22E92EC2009FF77B /* Base */,
			);
			name = LaunchScreen.storyboard;
			sourceTree = "<group>";
		};
		E77CB8DD22E937D0009FF77B /* Main.storyboard */ = {
			isa = PBXVariantGroup;
			children = (
				E77CB8DE22E937D0009FF77B /* Base */,
			);
			name = Main.storyboard;
			sourceTree = "<group>";
		};
		E77CB8E222E937D1009FF77B /* LaunchScreen.storyboard */ = {
			isa = PBXVariantGroup;
			children = (
				E77CB8E322E937D1009FF77B /* Base */,
			);
			name = LaunchScreen.storyboard;
			sourceTree = "<group>";
		};
/* End PBXVariantGroup section */

/* Begin XCBuildConfiguration section */
		E716CA2622E02056007054AA /* Debug */ = {
			isa = XCBuildConfiguration;
			buildSettings = {
				ALWAYS_SEARCH_USER_PATHS = NO;
				CLANG_ANALYZER_NONNULL = YES;
				CLANG_ANALYZER_NUMBER_OBJECT_CONVERSION = YES_AGGRESSIVE;
				CLANG_CXX_LANGUAGE_STANDARD = "gnu++14";
				CLANG_CXX_LIBRARY = "libc++";
				CLANG_ENABLE_MODULES = YES;
				CLANG_ENABLE_OBJC_ARC = YES;
				CLANG_ENABLE_OBJC_WEAK = YES;
				CLANG_WARN_BLOCK_CAPTURE_AUTORELEASING = YES;
				CLANG_WARN_BOOL_CONVERSION = YES;
				CLANG_WARN_COMMA = YES;
				CLANG_WARN_CONSTANT_CONVERSION = YES;
				CLANG_WARN_DEPRECATED_OBJC_IMPLEMENTATIONS = YES;
				CLANG_WARN_DIRECT_OBJC_ISA_USAGE = YES_ERROR;
				CLANG_WARN_DOCUMENTATION_COMMENTS = YES;
				CLANG_WARN_EMPTY_BODY = YES;
				CLANG_WARN_ENUM_CONVERSION = YES;
				CLANG_WARN_INFINITE_RECURSION = YES;
				CLANG_WARN_INT_CONVERSION = YES;
				CLANG_WARN_NON_LITERAL_NULL_CONVERSION = YES;
				CLANG_WARN_OBJC_IMPLICIT_RETAIN_SELF = YES;
				CLANG_WARN_OBJC_LITERAL_CONVERSION = YES;
				CLANG_WARN_OBJC_ROOT_CLASS = YES_ERROR;
				CLANG_WARN_RANGE_LOOP_ANALYSIS = YES;
				CLANG_WARN_STRICT_PROTOTYPES = YES;
				CLANG_WARN_SUSPICIOUS_MOVE = YES;
				CLANG_WARN_UNGUARDED_AVAILABILITY = YES_AGGRESSIVE;
				CLANG_WARN_UNREACHABLE_CODE = YES;
				CLANG_WARN__DUPLICATE_METHOD_MATCH = YES;
				CODE_SIGN_IDENTITY = "iPhone Developer";
				COPY_PHASE_STRIP = NO;
				DEBUG_INFORMATION_FORMAT = dwarf;
				ENABLE_STRICT_OBJC_MSGSEND = YES;
				ENABLE_TESTABILITY = YES;
				GCC_C_LANGUAGE_STANDARD = gnu11;
				GCC_DYNAMIC_NO_PIC = NO;
				GCC_NO_COMMON_BLOCKS = YES;
				GCC_OPTIMIZATION_LEVEL = 0;
				GCC_PREPROCESSOR_DEFINITIONS = (
					"DEBUG=1",
					"$(inherited)",
				);
				GCC_WARN_64_TO_32_BIT_CONVERSION = YES;
				GCC_WARN_ABOUT_RETURN_TYPE = YES_ERROR;
				GCC_WARN_UNDECLARED_SELECTOR = YES;
				GCC_WARN_UNINITIALIZED_AUTOS = YES_AGGRESSIVE;
				GCC_WARN_UNUSED_FUNCTION = YES;
				GCC_WARN_UNUSED_VARIABLE = YES;
				IPHONEOS_DEPLOYMENT_TARGET = 12.2;
				MTL_ENABLE_DEBUG_INFO = INCLUDE_SOURCE;
				MTL_FAST_MATH = YES;
				ONLY_ACTIVE_ARCH = YES;
				SDKROOT = iphoneos;
				SWIFT_ACTIVE_COMPILATION_CONDITIONS = DEBUG;
				SWIFT_OPTIMIZATION_LEVEL = "-Onone";
			};
			name = Debug;
		};
		E716CA2722E02056007054AA /* Release */ = {
			isa = XCBuildConfiguration;
			buildSettings = {
				ALWAYS_SEARCH_USER_PATHS = NO;
				CLANG_ANALYZER_NONNULL = YES;
				CLANG_ANALYZER_NUMBER_OBJECT_CONVERSION = YES_AGGRESSIVE;
				CLANG_CXX_LANGUAGE_STANDARD = "gnu++14";
				CLANG_CXX_LIBRARY = "libc++";
				CLANG_ENABLE_MODULES = YES;
				CLANG_ENABLE_OBJC_ARC = YES;
				CLANG_ENABLE_OBJC_WEAK = YES;
				CLANG_WARN_BLOCK_CAPTURE_AUTORELEASING = YES;
				CLANG_WARN_BOOL_CONVERSION = YES;
				CLANG_WARN_COMMA = YES;
				CLANG_WARN_CONSTANT_CONVERSION = YES;
				CLANG_WARN_DEPRECATED_OBJC_IMPLEMENTATIONS = YES;
				CLANG_WARN_DIRECT_OBJC_ISA_USAGE = YES_ERROR;
				CLANG_WARN_DOCUMENTATION_COMMENTS = YES;
				CLANG_WARN_EMPTY_BODY = YES;
				CLANG_WARN_ENUM_CONVERSION = YES;
				CLANG_WARN_INFINITE_RECURSION = YES;
				CLANG_WARN_INT_CONVERSION = YES;
				CLANG_WARN_NON_LITERAL_NULL_CONVERSION = YES;
				CLANG_WARN_OBJC_IMPLICIT_RETAIN_SELF = YES;
				CLANG_WARN_OBJC_LITERAL_CONVERSION = YES;
				CLANG_WARN_OBJC_ROOT_CLASS = YES_ERROR;
				CLANG_WARN_RANGE_LOOP_ANALYSIS = YES;
				CLANG_WARN_STRICT_PROTOTYPES = YES;
				CLANG_WARN_SUSPICIOUS_MOVE = YES;
				CLANG_WARN_UNGUARDED_AVAILABILITY = YES_AGGRESSIVE;
				CLANG_WARN_UNREACHABLE_CODE = YES;
				CLANG_WARN__DUPLICATE_METHOD_MATCH = YES;
				CODE_SIGN_IDENTITY = "iPhone Developer";
				COPY_PHASE_STRIP = NO;
				DEBUG_INFORMATION_FORMAT = "dwarf-with-dsym";
				ENABLE_NS_ASSERTIONS = NO;
				ENABLE_STRICT_OBJC_MSGSEND = YES;
				GCC_C_LANGUAGE_STANDARD = gnu11;
				GCC_NO_COMMON_BLOCKS = YES;
				GCC_WARN_64_TO_32_BIT_CONVERSION = YES;
				GCC_WARN_ABOUT_RETURN_TYPE = YES_ERROR;
				GCC_WARN_UNDECLARED_SELECTOR = YES;
				GCC_WARN_UNINITIALIZED_AUTOS = YES_AGGRESSIVE;
				GCC_WARN_UNUSED_FUNCTION = YES;
				GCC_WARN_UNUSED_VARIABLE = YES;
				IPHONEOS_DEPLOYMENT_TARGET = 12.2;
				MTL_ENABLE_DEBUG_INFO = NO;
				MTL_FAST_MATH = YES;
				SDKROOT = iphoneos;
				SWIFT_COMPILATION_MODE = wholemodule;
				SWIFT_OPTIMIZATION_LEVEL = "-O";
				VALIDATE_PRODUCT = YES;
			};
			name = Release;
		};
		E716CA2922E02056007054AA /* Debug */ = {
			isa = XCBuildConfiguration;
			buildSettings = {
				ASSETCATALOG_COMPILER_APPICON_NAME = AppIcon;
				CODE_SIGN_STYLE = Automatic;
				DEVELOPMENT_TEAM = 4TTJDQ6P4J;
				INFOPLIST_FILE = iosPractice/Info.plist;
				LD_RUNPATH_SEARCH_PATHS = (
					"$(inherited)",
					"@executable_path/Frameworks",
				);
				PRODUCT_BUNDLE_IDENTIFIER = com.justin.dongwookjung.iosPractice;
				PRODUCT_NAME = "$(TARGET_NAME)";
				SWIFT_VERSION = 5.0;
				TARGETED_DEVICE_FAMILY = "1,2";
			};
			name = Debug;
		};
		E716CA2A22E02056007054AA /* Release */ = {
			isa = XCBuildConfiguration;
			buildSettings = {
				ASSETCATALOG_COMPILER_APPICON_NAME = AppIcon;
				CODE_SIGN_STYLE = Automatic;
				DEVELOPMENT_TEAM = 4TTJDQ6P4J;
				INFOPLIST_FILE = iosPractice/Info.plist;
				LD_RUNPATH_SEARCH_PATHS = (
					"$(inherited)",
					"@executable_path/Frameworks",
				);
				PRODUCT_BUNDLE_IDENTIFIER = com.justin.dongwookjung.iosPractice;
				PRODUCT_NAME = "$(TARGET_NAME)";
				SWIFT_VERSION = 5.0;
				TARGETED_DEVICE_FAMILY = "1,2";
			};
			name = Release;
		};
		E716CA3F22E02092007054AA /* Debug */ = {
			isa = XCBuildConfiguration;
			buildSettings = {
				ASSETCATALOG_COMPILER_APPICON_NAME = AppIcon;
				CODE_SIGN_STYLE = Automatic;
				DEVELOPMENT_TEAM = 4TTJDQ6P4J;
				INFOPLIST_FILE = touchevent/Info.plist;
				LD_RUNPATH_SEARCH_PATHS = (
					"$(inherited)",
					"@executable_path/Frameworks",
				);
				PRODUCT_BUNDLE_IDENTIFIER = com.justin.dongwookjung.touchevent;
				PRODUCT_NAME = "$(TARGET_NAME)";
				SWIFT_VERSION = 5.0;
				TARGETED_DEVICE_FAMILY = "1,2";
			};
			name = Debug;
		};
		E716CA4022E02092007054AA /* Release */ = {
			isa = XCBuildConfiguration;
			buildSettings = {
				ASSETCATALOG_COMPILER_APPICON_NAME = AppIcon;
				CODE_SIGN_STYLE = Automatic;
				DEVELOPMENT_TEAM = 4TTJDQ6P4J;
				INFOPLIST_FILE = touchevent/Info.plist;
				LD_RUNPATH_SEARCH_PATHS = (
					"$(inherited)",
					"@executable_path/Frameworks",
				);
				PRODUCT_BUNDLE_IDENTIFIER = com.justin.dongwookjung.touchevent;
				PRODUCT_NAME = "$(TARGET_NAME)";
				SWIFT_VERSION = 5.0;
				TARGETED_DEVICE_FAMILY = "1,2";
			};
			name = Release;
		};
		E74262C522E0400000BFBF0C /* Debug */ = {
			isa = XCBuildConfiguration;
			buildSettings = {
				ASSETCATALOG_COMPILER_APPICON_NAME = AppIcon;
				CODE_SIGN_STYLE = Automatic;
				DEVELOPMENT_TEAM = 4TTJDQ6P4J;
				INFOPLIST_FILE = gestureTest/Info.plist;
				LD_RUNPATH_SEARCH_PATHS = (
					"$(inherited)",
					"@executable_path/Frameworks",
				);
				PRODUCT_BUNDLE_IDENTIFIER = com.justin.dongwookjung.gestureTest;
				PRODUCT_NAME = "$(TARGET_NAME)";
				SWIFT_VERSION = 5.0;
				TARGETED_DEVICE_FAMILY = "1,2";
			};
			name = Debug;
		};
		E74262C622E0400000BFBF0C /* Release */ = {
			isa = XCBuildConfiguration;
			buildSettings = {
				ASSETCATALOG_COMPILER_APPICON_NAME = AppIcon;
				CODE_SIGN_STYLE = Automatic;
				DEVELOPMENT_TEAM = 4TTJDQ6P4J;
				INFOPLIST_FILE = gestureTest/Info.plist;
				LD_RUNPATH_SEARCH_PATHS = (
					"$(inherited)",
					"@executable_path/Frameworks",
				);
				PRODUCT_BUNDLE_IDENTIFIER = com.justin.dongwookjung.gestureTest;
				PRODUCT_NAME = "$(TARGET_NAME)";
				SWIFT_VERSION = 5.0;
				TARGETED_DEVICE_FAMILY = "1,2";
			};
			name = Release;
		};
		E76D06CE22E1A8DF007CD72C /* Debug */ = {
			isa = XCBuildConfiguration;
			buildSettings = {
				ASSETCATALOG_COMPILER_APPICON_NAME = AppIcon;
				CODE_SIGN_STYLE = Automatic;
				DEVELOPMENT_TEAM = 4TTJDQ6P4J;
				INFOPLIST_FILE = scrollviewTest/Info.plist;
				LD_RUNPATH_SEARCH_PATHS = (
					"$(inherited)",
					"@executable_path/Frameworks",
				);
				PRODUCT_BUNDLE_IDENTIFIER = com.justin.dongwookjung.scrollviewTest;
				PRODUCT_NAME = "$(TARGET_NAME)";
				SWIFT_VERSION = 5.0;
				TARGETED_DEVICE_FAMILY = "1,2";
			};
			name = Debug;
		};
		E76D06CF22E1A8DF007CD72C /* Release */ = {
			isa = XCBuildConfiguration;
			buildSettings = {
				ASSETCATALOG_COMPILER_APPICON_NAME = AppIcon;
				CODE_SIGN_STYLE = Automatic;
				DEVELOPMENT_TEAM = 4TTJDQ6P4J;
				INFOPLIST_FILE = scrollviewTest/Info.plist;
				LD_RUNPATH_SEARCH_PATHS = (
					"$(inherited)",
					"@executable_path/Frameworks",
				);
				PRODUCT_BUNDLE_IDENTIFIER = com.justin.dongwookjung.scrollviewTest;
				PRODUCT_NAME = "$(TARGET_NAME)";
				SWIFT_VERSION = 5.0;
				TARGETED_DEVICE_FAMILY = "1,2";
			};
			name = Release;
		};
		E77CB8D022E92EC2009FF77B /* Debug */ = {
			isa = XCBuildConfiguration;
			buildSettings = {
				ASSETCATALOG_COMPILER_APPICON_NAME = AppIcon;
				CODE_SIGN_STYLE = Automatic;
				DEVELOPMENT_TEAM = 4TTJDQ6P4J;
				INFOPLIST_FILE = switchController/Info.plist;
				IPHONEOS_DEPLOYMENT_TARGET = 12.4;
				LD_RUNPATH_SEARCH_PATHS = (
					"$(inherited)",
					"@executable_path/Frameworks",
				);
				PRODUCT_BUNDLE_IDENTIFIER = com.justin.dongwookjung.switchController;
				PRODUCT_NAME = "$(TARGET_NAME)";
				SWIFT_VERSION = 5.0;
				TARGETED_DEVICE_FAMILY = "1,2";
			};
			name = Debug;
		};
		E77CB8D122E92EC2009FF77B /* Release */ = {
			isa = XCBuildConfiguration;
			buildSettings = {
				ASSETCATALOG_COMPILER_APPICON_NAME = AppIcon;
				CODE_SIGN_STYLE = Automatic;
				DEVELOPMENT_TEAM = 4TTJDQ6P4J;
				INFOPLIST_FILE = switchController/Info.plist;
				IPHONEOS_DEPLOYMENT_TARGET = 12.4;
				LD_RUNPATH_SEARCH_PATHS = (
					"$(inherited)",
					"@executable_path/Frameworks",
				);
				PRODUCT_BUNDLE_IDENTIFIER = com.justin.dongwookjung.switchController;
				PRODUCT_NAME = "$(TARGET_NAME)";
				SWIFT_VERSION = 5.0;
				TARGETED_DEVICE_FAMILY = "1,2";
			};
			name = Release;
		};
		E77CB8E722E937D1009FF77B /* Debug */ = {
			isa = XCBuildConfiguration;
			buildSettings = {
				ASSETCATALOG_COMPILER_APPICON_NAME = AppIcon;
				CODE_SIGN_STYLE = Automatic;
				DEVELOPMENT_TEAM = 4TTJDQ6P4J;
				INFOPLIST_FILE = jsonParsing/Info.plist;
				IPHONEOS_DEPLOYMENT_TARGET = 12.4;
				LD_RUNPATH_SEARCH_PATHS = (
					"$(inherited)",
					"@executable_path/Frameworks",
				);
				PRODUCT_BUNDLE_IDENTIFIER = com.justin.dongwookjung.jsonParsing;
				PRODUCT_NAME = "$(TARGET_NAME)";
				SWIFT_VERSION = 5.0;
				TARGETED_DEVICE_FAMILY = "1,2";
			};
			name = Debug;
		};
		E77CB8E822E937D1009FF77B /* Release */ = {
			isa = XCBuildConfiguration;
			buildSettings = {
				ASSETCATALOG_COMPILER_APPICON_NAME = AppIcon;
				CODE_SIGN_STYLE = Automatic;
				DEVELOPMENT_TEAM = 4TTJDQ6P4J;
				INFOPLIST_FILE = jsonParsing/Info.plist;
				IPHONEOS_DEPLOYMENT_TARGET = 12.4;
				LD_RUNPATH_SEARCH_PATHS = (
					"$(inherited)",
					"@executable_path/Frameworks",
				);
				PRODUCT_BUNDLE_IDENTIFIER = com.justin.dongwookjung.jsonParsing;
				PRODUCT_NAME = "$(TARGET_NAME)";
				SWIFT_VERSION = 5.0;
				TARGETED_DEVICE_FAMILY = "1,2";
			};
			name = Release;
		};
/* End XCBuildConfiguration section */

/* Begin XCConfigurationList section */
		E716CA1122E02054007054AA /* Build configuration list for PBXProject "iosPractice" */ = {
			isa = XCConfigurationList;
			buildConfigurations = (
				E716CA2622E02056007054AA /* Debug */,
				E716CA2722E02056007054AA /* Release */,
			);
			defaultConfigurationIsVisible = 0;
			defaultConfigurationName = Release;
		};
		E716CA2822E02056007054AA /* Build configuration list for PBXNativeTarget "iosPractice" */ = {
			isa = XCConfigurationList;
			buildConfigurations = (
				E716CA2922E02056007054AA /* Debug */,
				E716CA2A22E02056007054AA /* Release */,
			);
			defaultConfigurationIsVisible = 0;
			defaultConfigurationName = Release;
		};
		E716CA3E22E02092007054AA /* Build configuration list for PBXNativeTarget "touchevent" */ = {
			isa = XCConfigurationList;
			buildConfigurations = (
				E716CA3F22E02092007054AA /* Debug */,
				E716CA4022E02092007054AA /* Release */,
			);
			defaultConfigurationIsVisible = 0;
			defaultConfigurationName = Release;
		};
		E74262C722E0400000BFBF0C /* Build configuration list for PBXNativeTarget "gestureTest" */ = {
			isa = XCConfigurationList;
			buildConfigurations = (
				E74262C522E0400000BFBF0C /* Debug */,
				E74262C622E0400000BFBF0C /* Release */,
			);
			defaultConfigurationIsVisible = 0;
			defaultConfigurationName = Release;
		};
		E76D06D022E1A8DF007CD72C /* Build configuration list for PBXNativeTarget "scrollviewTest" */ = {
			isa = XCConfigurationList;
			buildConfigurations = (
				E76D06CE22E1A8DF007CD72C /* Debug */,
				E76D06CF22E1A8DF007CD72C /* Release */,
			);
			defaultConfigurationIsVisible = 0;
			defaultConfigurationName = Release;
		};
		E77CB8D222E92EC2009FF77B /* Build configuration list for PBXNativeTarget "switchController" */ = {
			isa = XCConfigurationList;
			buildConfigurations = (
				E77CB8D022E92EC2009FF77B /* Debug */,
				E77CB8D122E92EC2009FF77B /* Release */,
			);
			defaultConfigurationIsVisible = 0;
			defaultConfigurationName = Release;
		};
		E77CB8E622E937D1009FF77B /* Build configuration list for PBXNativeTarget "jsonParsing" */ = {
			isa = XCConfigurationList;
			buildConfigurations = (
				E77CB8E722E937D1009FF77B /* Debug */,
				E77CB8E822E937D1009FF77B /* Release */,
			);
			defaultConfigurationIsVisible = 0;
			defaultConfigurationName = Release;
		};
/* End XCConfigurationList section */
	};
	rootObject = E716CA0E22E02054007054AA /* Project object */;
}
